
Microsoft Visual Studio Solution File, Format Version 12.00
# Visual Studio Version 16
VisualStudioVersion = 16.0.32428.217
MinimumVisualStudioVersion = 10.0.40219.1
Project("{9A19103F-16F7-4668-BE54-9A1E7A4F7556}") = "Electronics_Shop", "Electronics_Shop.csproj", "{4952E22E-A19B-4A98-BE1D-5C1D05533283}"
EndProject
Global
	GlobalSection(SolutionConfigurationPlatforms) = preSolution
		Debug|Any CPU = Debug|Any CPU
		Release|Any CPU = Release|Any CPU
	EndGlobalSection
	GlobalSection(ProjectConfigurationPlatforms) = postSolution
		{4952E22E-A19B-4A98-BE1D-5C1D05533283}.Debug|Any CPU.ActiveCfg = Debug|Any CPU
		{4952E22E-A19B-4A98-BE1D-5C1D05533283}.Debug|Any CPU.Build.0 = Debug|Any CPU
		{4952E22E-A19B-4A98-BE1D-5C1D05533283}.Release|Any CPU.ActiveCfg = Release|Any CPU
		{4952E22E-A19B-4A98-BE1D-5C1D05533283}.Release|Any CPU.Build.0 = Release|Any CPU
	EndGlobalSection
	GlobalSection(SolutionProperties) = preSolution
		HideSolutionNode = FALSE
	EndGlobalSection
	GlobalSection(ExtensibilityGlobals) = postSolution
		SolutionGuid = {6B121A49-DE7A-4D09-B976-7A0F7CED15A0}
	EndGlobalSection
EndGlobal
